# THIS IS AN AUTOGENERATED FILE. DO NOT EDIT THIS FILE DIRECTLY.
# yarn lockfile v1


bs-platform@^7.2.2:
  version "7.2.2"
  resolved "https://registry.yarnpkg.com/bs-platform/-/bs-platform-7.2.2.tgz#76fdc63e4889458ae3d257a0132107a792f2309c"
  integrity sha512-PWcFfN+jCTtT/rMaHDhKh+W9RUTpaRunmSF9vbLYcrJbpgCNW6aFKAY33u0P3mLxwuhshN3b4FxqGUBPj6exZQ==

msal@^0.2.4:
  version "0.2.4"
  resolved "https://registry.yarnpkg.com/msal/-/msal-0.2.4.tgz#34ac608ebce0415da20ce946297e876ebebebd63"
  integrity sha512-/DPtEBL8M4gwSjEYZy4ep+j1ZaawA9XEKJi4nPxmQLT85rLNZLARrxhIRwzwXtkPNewoB+zdoNKzETW8ZrTOFQ==
  dependencies:
    tslib "1.7.1"

tslib@1.7.1:
  version "1.7.1"
  resolved "https://registry.yarnpkg.com/tslib/-/tslib-1.7.1.tgz#bc8004164691923a79fe8378bbeb3da2017538ec"
  integrity sha1-vIAEFkaRkjp5/oN4u+s9ogF1OOw=
